{
  "_readme": [
    "This file locks the dependencies of your project to a known kanton",
    "Read more about it at https://getcomposer.org/doc/01-basic-usage.md#installing-dependencies",
    "This file is @generated automatically"
  ],
  "content-hash": "b0f534d439147e7ce8fca554b2440294",
  "packages": [],
  "packages-dev": [],
  "aliases": [],
  "minimum-stability": "stable",
  "stability-flags": {},
  "prefer-stable": false,
  "prefer-lowest": false,
  "platform": {},
  "platform-dev": {},
  "plugin-api-version": "2.6.0"
}
